
Microsoft Visual Studio Solution File, Format Version 12.00
# Visual Studio Version 16
VisualStudioVersion = 16.0.31424.327
MinimumVisualStudioVersion = 10.0.40219.1
Project("{FAE04EC0-301F-11D3-BF4B-00C04F79EFBC}") = "IRFJoao", "IRFJoao\IRFJoao.csproj", "{3208353A-7487-4544-A2B7-E11594AAD098}"
EndProject
Global
	GlobalSection(SolutionConfigurationPlatforms) = preSolution
		Debug|Any CPU = Debug|Any CPU
		Release|Any CPU = Release|Any CPU
	EndGlobalSection
	GlobalSection(ProjectConfigurationPlatforms) = postSolution
		{3208353A-7487-4544-A2B7-E11594AAD098}.Debug|Any CPU.ActiveCfg = Debug|Any CPU
		{3208353A-7487-4544-A2B7-E11594AAD098}.Debug|Any CPU.Build.0 = Debug|Any CPU
		{3208353A-7487-4544-A2B7-E11594AAD098}.Release|Any CPU.ActiveCfg = Release|Any CPU
		{3208353A-7487-4544-A2B7-E11594AAD098}.Release|Any CPU.Build.0 = Release|Any CPU
	EndGlobalSection
	GlobalSection(SolutionProperties) = preSolution
		HideSolutionNode = FALSE
	EndGlobalSection
	GlobalSection(ExtensibilityGlobals) = postSolution
		SolutionGuid = {9EFC7A34-F3BD-4D09-B05D-2C4ACBF0D058}
	EndGlobalSection
EndGlobal
